RTTHREAD_TAG=v5.2.2
RTTHREAD_COMMIT=ddf52e2cdd977f14fc04035c88672ac204aec713
BUILDROOT_TAG=2025.02.1
BUILDROOT_COMMIT=3815d578c5759fa824322ea3d95ad51b55ab888e
BUILDROOT_URL=https://gitlab.com/buildroot.org/buildroot.git
ARM_TOOLCHAIN_VERSION=14.2.rel1
ARM_TOOLCHAIN_URL=https://developer.arm.com/-/media/Files/downloads/gnu/14.2.rel1/binrel/arm-gnu-toolchain-14.2.rel1-x86_64-aarch64-none-elf.tar.xz
ARM_TOOLCHAIN_SHA256=eb54c4727440d03199a6af9a6d021e77f45410cad39effce4e5a1c10a88b7f04
KCONFIGLIB_VERSION=14.1.0
RTIPC_HEADER_SHA256=e22da1b00dc144fb0c3ad5771bbcf4d9d8068f94d304fd4c70c0cb2dd75c1b60
RTIPC_SOURCE_SHA256=38a65d69608a5907e64fe4ba43df2faa5af173d3aa90f1300923fcebc77a2e03
